
Microsoft Visual Studio Solution File, Format Version 12.00
# Visual Studio 15
VisualStudioVersion = 15.0.26124.0
MinimumVisualStudioVersion = 15.0.26124.0
Project("{FAE04EC0-301F-11D3-BF4B-00C04F79EFBC}") = "Domain", "Domain\Domain.csproj", "{88804F45-0CF9-4AFA-9340-FC94C6521C52}"
EndProject
Project("{FAE04EC0-301F-11D3-BF4B-00C04F79EFBC}") = "Application", "Application\Application.csproj", "{EEB4FC3D-5995-400C-9760-EB5CF1859BD6}"
EndProject
Project("{FAE04EC0-301F-11D3-BF4B-00C04F79EFBC}") = "Persistence", "Persistence\Persistence.csproj", "{09D6F12B-79F5-487F-8C0A-1EE30DF6B146}"
EndProject
Project("{FAE04EC0-301F-11D3-BF4B-00C04F79EFBC}") = "API", "API\API.csproj", "{E54CADB6-A664-49E7-92C5-197D7B12B431}"
EndProject
Global
	GlobalSection(SolutionConfigurationPlatforms) = preSolution
		Debug|Any CPU = Debug|Any CPU
		Debug|x64 = Debug|x64
		Debug|x86 = Debug|x86
		Release|Any CPU = Release|Any CPU
		Release|x64 = Release|x64
		Release|x86 = Release|x86
	EndGlobalSection
	GlobalSection(SolutionProperties) = preSolution
		HideSolutionNode = FALSE
	EndGlobalSection
	GlobalSection(ProjectConfigurationPlatforms) = postSolution
		{88804F45-0CF9-4AFA-9340-FC94C6521C52}.Debug|Any CPU.ActiveCfg = Debug|Any CPU
		{88804F45-0CF9-4AFA-9340-FC94C6521C52}.Debug|Any CPU.Build.0 = Debug|Any CPU
		{88804F45-0CF9-4AFA-9340-FC94C6521C52}.Debug|x64.ActiveCfg = Debug|Any CPU
		{88804F45-0CF9-4AFA-9340-FC94C6521C52}.Debug|x64.Build.0 = Debug|Any CPU
		{88804F45-0CF9-4AFA-9340-FC94C6521C52}.Debug|x86.ActiveCfg = Debug|Any CPU
		{88804F45-0CF9-4AFA-9340-FC94C6521C52}.Debug|x86.Build.0 = Debug|Any CPU
		{88804F45-0CF9-4AFA-9340-FC94C6521C52}.Release|Any CPU.ActiveCfg = Release|Any CPU
		{88804F45-0CF9-4AFA-9340-FC94C6521C52}.Release|Any CPU.Build.0 = Release|Any CPU
		{88804F45-0CF9-4AFA-9340-FC94C6521C52}.Release|x64.ActiveCfg = Release|Any CPU
		{88804F45-0CF9-4AFA-9340-FC94C6521C52}.Release|x64.Build.0 = Release|Any CPU
		{88804F45-0CF9-4AFA-9340-FC94C6521C52}.Release|x86.ActiveCfg = Release|Any CPU
		{88804F45-0CF9-4AFA-9340-FC94C6521C52}.Release|x86.Build.0 = Release|Any CPU
		{EEB4FC3D-5995-400C-9760-EB5CF1859BD6}.Debug|Any CPU.ActiveCfg = Debug|Any CPU
		{EEB4FC3D-5995-400C-9760-EB5CF1859BD6}.Debug|Any CPU.Build.0 = Debug|Any CPU
		{EEB4FC3D-5995-400C-9760-EB5CF1859BD6}.Debug|x64.ActiveCfg = Debug|Any CPU
		{EEB4FC3D-5995-400C-9760-EB5CF1859BD6}.Debug|x64.Build.0 = Debug|Any CPU
		{EEB4FC3D-5995-400C-9760-EB5CF1859BD6}.Debug|x86.ActiveCfg = Debug|Any CPU
		{EEB4FC3D-5995-400C-9760-EB5CF1859BD6}.Debug|x86.Build.0 = Debug|Any CPU
		{EEB4FC3D-5995-400C-9760-EB5CF1859BD6}.Release|Any CPU.ActiveCfg = Release|Any CPU
		{EEB4FC3D-5995-400C-9760-EB5CF1859BD6}.Release|Any CPU.Build.0 = Release|Any CPU
		{EEB4FC3D-5995-400C-9760-EB5CF1859BD6}.Release|x64.ActiveCfg = Release|Any CPU
		{EEB4FC3D-5995-400C-9760-EB5CF1859BD6}.Release|x64.Build.0 = Release|Any CPU
		{EEB4FC3D-5995-400C-9760-EB5CF1859BD6}.Release|x86.ActiveCfg = Release|Any CPU
		{EEB4FC3D-5995-400C-9760-EB5CF1859BD6}.Release|x86.Build.0 = Release|Any CPU
		{09D6F12B-79F5-487F-8C0A-1EE30DF6B146}.Debug|Any CPU.ActiveCfg = Debug|Any CPU
		{09D6F12B-79F5-487F-8C0A-1EE30DF6B146}.Debug|Any CPU.Build.0 = Debug|Any CPU
		{09D6F12B-79F5-487F-8C0A-1EE30DF6B146}.Debug|x64.ActiveCfg = Debug|Any CPU
		{09D6F12B-79F5-487F-8C0A-1EE30DF6B146}.Debug|x64.Build.0 = Debug|Any CPU
		{09D6F12B-79F5-487F-8C0A-1EE30DF6B146}.Debug|x86.ActiveCfg = Debug|Any CPU
		{09D6F12B-79F5-487F-8C0A-1EE30DF6B146}.Debug|x86.Build.0 = Debug|Any CPU
		{09D6F12B-79F5-487F-8C0A-1EE30DF6B146}.Release|Any CPU.ActiveCfg = Release|Any CPU
		{09D6F12B-79F5-487F-8C0A-1EE30DF6B146}.Release|Any CPU.Build.0 = Release|Any CPU
		{09D6F12B-79F5-487F-8C0A-1EE30DF6B146}.Release|x64.ActiveCfg = Release|Any CPU
		{09D6F12B-79F5-487F-8C0A-1EE30DF6B146}.Release|x64.Build.0 = Release|Any CPU
		{09D6F12B-79F5-487F-8C0A-1EE30DF6B146}.Release|x86.ActiveCfg = Release|Any CPU
		{09D6F12B-79F5-487F-8C0A-1EE30DF6B146}.Release|x86.Build.0 = Release|Any CPU
		{E54CADB6-A664-49E7-92C5-197D7B12B431}.Debug|Any CPU.ActiveCfg = Debug|Any CPU
		{E54CADB6-A664-49E7-92C5-197D7B12B431}.Debug|Any CPU.Build.0 = Debug|Any CPU
		{E54CADB6-A664-49E7-92C5-197D7B12B431}.Debug|x64.ActiveCfg = Debug|Any CPU
		{E54CADB6-A664-49E7-92C5-197D7B12B431}.Debug|x64.Build.0 = Debug|Any CPU
		{E54CADB6-A664-49E7-92C5-197D7B12B431}.Debug|x86.ActiveCfg = Debug|Any CPU
		{E54CADB6-A664-49E7-92C5-197D7B12B431}.Debug|x86.Build.0 = Debug|Any CPU
		{E54CADB6-A664-49E7-92C5-197D7B12B431}.Release|Any CPU.ActiveCfg = Release|Any CPU
		{E54CADB6-A664-49E7-92C5-197D7B12B431}.Release|Any CPU.Build.0 = Release|Any CPU
		{E54CADB6-A664-49E7-92C5-197D7B12B431}.Release|x64.ActiveCfg = Release|Any CPU
		{E54CADB6-A664-49E7-92C5-197D7B12B431}.Release|x64.Build.0 = Release|Any CPU
		{E54CADB6-A664-49E7-92C5-197D7B12B431}.Release|x86.ActiveCfg = Release|Any CPU
		{E54CADB6-A664-49E7-92C5-197D7B12B431}.Release|x86.Build.0 = Release|Any CPU
	EndGlobalSection
EndGlobal
